
Microsoft Visual Studio Solution File, Format Version 12.00
# Visual Studio Version 16
VisualStudioVersion = 16.0.31112.23
MinimumVisualStudioVersion = 10.0.40219.1
Project("{9A19103F-16F7-4668-BE54-9A1E7A4F7556}") = "SoupV2", "SoupV2\SoupV2.csproj", "{F5991AD4-5B72-48CC-AF3C-E21CAD44B8AA}"
EndProject
Project("{9A19103F-16F7-4668-BE54-9A1E7A4F7556}") = "Test", "Test\Test.csproj", "{8BFC2C26-D6DB-4FA1-8390-B94271CFE6C6}"
EndProject
Project("{9A19103F-16F7-4668-BE54-9A1E7A4F7556}") = "MonoGame.Forms.DX", "..\MonoGame.Forms\MonoGame.Forms.DX\MonoGame.Forms.DX.csproj", "{74CC5C59-0BD8-46C1-A672-610926177FEA}"
EndProject
Project("{9A19103F-16F7-4668-BE54-9A1E7A4F7556}") = "SoupForm", "WinFormsApp2\SoupForm.csproj", "{7CC5DCB3-C867-444D-B329-451F5EB44FDA}"
EndProject
Global
	GlobalSection(SolutionConfigurationPlatforms) = preSolution
		Debug|Any CPU = Debug|Any CPU
		Release|Any CPU = Release|Any CPU
	EndGlobalSection
	GlobalSection(ProjectConfigurationPlatforms) = postSolution
		{F5991AD4-5B72-48CC-AF3C-E21CAD44B8AA}.Debug|Any CPU.ActiveCfg = Debug|Any CPU
		{F5991AD4-5B72-48CC-AF3C-E21CAD44B8AA}.Debug|Any CPU.Build.0 = Debug|Any CPU
		{F5991AD4-5B72-48CC-AF3C-E21CAD44B8AA}.Release|Any CPU.ActiveCfg = Release|Any CPU
		{F5991AD4-5B72-48CC-AF3C-E21CAD44B8AA}.Release|Any CPU.Build.0 = Release|Any CPU
		{8BFC2C26-D6DB-4FA1-8390-B94271CFE6C6}.Debug|Any CPU.ActiveCfg = Debug|Any CPU
		{8BFC2C26-D6DB-4FA1-8390-B94271CFE6C6}.Debug|Any CPU.Build.0 = Debug|Any CPU
		{8BFC2C26-D6DB-4FA1-8390-B94271CFE6C6}.Release|Any CPU.ActiveCfg = Release|Any CPU
		{8BFC2C26-D6DB-4FA1-8390-B94271CFE6C6}.Release|Any CPU.Build.0 = Release|Any CPU
		{74CC5C59-0BD8-46C1-A672-610926177FEA}.Debug|Any CPU.ActiveCfg = Debug|Any CPU
		{74CC5C59-0BD8-46C1-A672-610926177FEA}.Debug|Any CPU.Build.0 = Debug|Any CPU
		{74CC5C59-0BD8-46C1-A672-610926177FEA}.Release|Any CPU.ActiveCfg = Release|Any CPU
		{74CC5C59-0BD8-46C1-A672-610926177FEA}.Release|Any CPU.Build.0 = Release|Any CPU
		{7CC5DCB3-C867-444D-B329-451F5EB44FDA}.Debug|Any CPU.ActiveCfg = Debug|Any CPU
		{7CC5DCB3-C867-444D-B329-451F5EB44FDA}.Debug|Any CPU.Build.0 = Debug|Any CPU
		{7CC5DCB3-C867-444D-B329-451F5EB44FDA}.Release|Any CPU.ActiveCfg = Release|Any CPU
		{7CC5DCB3-C867-444D-B329-451F5EB44FDA}.Release|Any CPU.Build.0 = Release|Any CPU
	EndGlobalSection
	GlobalSection(SolutionProperties) = preSolution
		HideSolutionNode = FALSE
	EndGlobalSection
	GlobalSection(ExtensibilityGlobals) = postSolution
		SolutionGuid = {7D48B8F8-9136-404D-B31E-EBF7115A95BB}
	EndGlobalSection
EndGlobal
